Microsoft Visual Studio Solution File, Format Version 12.00
# Visual Studio Version 17
VisualStudioVersion = 17.5.2.0
MinimumVisualStudioVersion = 10.0.40219.1
Project("{FAE04EC0-301F-11D3-BF4B-00C04F79EFBC}") = "EticaretBackend", "EticaretBackend.csproj", "{ACF2BCB2-0C4A-00D1-EC07-076DE9285916}"
EndProject
Global
	GlobalSection(SolutionConfigurationPlatforms) = preSolution
		Debug|Any CPU = Debug|Any CPU
		Release|Any CPU = Release|Any CPU
	EndGlobalSection
	GlobalSection(ProjectConfigurationPlatforms) = postSolution
		{ACF2BCB2-0C4A-00D1-EC07-076DE9285916}.Debug|Any CPU.ActiveCfg = Debug|Any CPU
		{ACF2BCB2-0C4A-00D1-EC07-076DE9285916}.Debug|Any CPU.Build.0 = Debug|Any CPU
		{ACF2BCB2-0C4A-00D1-EC07-076DE9285916}.Release|Any CPU.ActiveCfg = Release|Any CPU
		{ACF2BCB2-0C4A-00D1-EC07-076DE9285916}.Release|Any CPU.Build.0 = Release|Any CPU
	EndGlobalSection
	GlobalSection(SolutionProperties) = preSolution
		HideSolutionNode = FALSE
	EndGlobalSection
	GlobalSection(ExtensibilityGlobals) = postSolution
		SolutionGuid = {C1B13E79-CD8E-44B8-834B-EF425434E198}
	EndGlobalSection
EndGlobal
